
Microsoft Visual Studio Solution File, Format Version 12.00
Project("{FAE04EC0-301F-11D3-BF4B-00C04F79EFBC}") = "XyloKart", "XyloKart\XyloKart.csproj", "{B3BB2178-0038-4878-8FE5-62EB3D30ED86}"
EndProject
Project("{2150E333-8FDC-42A3-9474-1A3956D46DE8}") = "Solution Items", "Solution Items", "{A02FB886-4D13-4801-A277-C91B0B4DCE20}"
	ProjectSection(SolutionItems) = preProject
		compose.yaml = compose.yaml
	EndProjectSection
EndProject
Global
	GlobalSection(SolutionConfigurationPlatforms) = preSolution
		Debug|Any CPU = Debug|Any CPU
		Release|Any CPU = Release|Any CPU
	EndGlobalSection
	GlobalSection(ProjectConfigurationPlatforms) = postSolution
		{B3BB2178-0038-4878-8FE5-62EB3D30ED86}.Debug|Any CPU.ActiveCfg = Debug|Any CPU
		{B3BB2178-0038-4878-8FE5-62EB3D30ED86}.Debug|Any CPU.Build.0 = Debug|Any CPU
		{B3BB2178-0038-4878-8FE5-62EB3D30ED86}.Release|Any CPU.ActiveCfg = Release|Any CPU
		{B3BB2178-0038-4878-8FE5-62EB3D30ED86}.Release|Any CPU.Build.0 = Release|Any CPU
	EndGlobalSection
EndGlobal
